{
  "requires": true,
  "lockfileVersion": 1,
  "dependencies": {
    "convert-hex": {
      "version": "0.1.0",
      "resolved": "https://registry.npmjs.org/convert-hex/-/convert-hex-0.1.0.tgz",
      "integrity": "sha1-CMBFaJIsJ3drii6BqV05M2LqC2U="
    },
    "convert-string": {
      "version": "0.1.0",
      "resolved": "https://registry.npmjs.org/convert-string/-/convert-string-0.1.0.tgz",
      "integrity": "sha1-ec5BqbsNA7z3LNxqjzxW+7xkQQo="
    },
    "sha256": {
      "version": "0.2.0",
      "resolved": "https://registry.npmjs.org/sha256/-/sha256-0.2.0.tgz",
      "integrity": "sha1-c6C0GNqrcDW/+G6EkeNjQS/CqwU=",
      "requires": {
        "convert-hex": "0.1.0",
        "convert-string": "0.1.0"
      }
    }
  }
}
